PODS:
  - Kiwi (2.3.0)
  - TransitionKit (2.1.0)

DEPENDENCIES:
  - Kiwi (~> 2.3.0)
  - TransitionKit (from `.`)

EXTERNAL SOURCES:
  TransitionKit:
    :path: .

SPEC CHECKSUMS:
  Kiwi: 54bece5b35564d9b8e03c608d926f1a22fcfc589
  TransitionKit: 60b6a2cd9370e471c960b2cdf23b0b2593867625

COCOAPODS: 0.34.1
