PODS:
  - Kiwi (2.3.1)
  - TransitionKit (2.2.0)

DEPENDENCIES:
  - Kiwi (~> 2.3.0)
  - TransitionKit (from `.`)

EXTERNAL SOURCES:
  TransitionKit:
    :path: "."

SPEC CHECKSUMS:
  Kiwi: f038a6c61f7a9e4d7766bff5717aa3b3fdb75f55
  TransitionKit: 5c9001a77acc409d71f26a4eba0159cf8619c418

COCOAPODS: 0.36.4
