PODS:
  - Kiwi (2.3.1)
  - TransitionKit (2.2.1)

DEPENDENCIES:
  - Kiwi (~> 2.3.0)
  - TransitionKit (from `.`)

EXTERNAL SOURCES:
  TransitionKit:
    :path: "."

SPEC CHECKSUMS:
  Kiwi: f038a6c61f7a9e4d7766bff5717aa3b3fdb75f55
  TransitionKit: 9ceccda4cd0cdc0a05ef85eb235e5a3292c3c250

COCOAPODS: 0.37.2
